// !$*UTF8*$!
{
	archiveVersion = 1;
	classes = {
	};
	objectVersion = 51;
	objects = {

/* Begin PBXBuildFile section */
		06A10113A776CB2C7A3CE4F6 /* Pods_StarPosTests.framework in Frameworks */ = {isa = PBXBuildFile; fileRef = 177448FFAFEF62B4B152C701 /* Pods_StarPosTests.framework */; };
		7A010ADE26934C9D00C1F0D3 /* AppDelegate.swift in Sources */ = {isa = PBXBuildFile; fileRef = 7A010ADD26934C9D00C1F0D3 /* AppDelegate.swift */; };
		7A010AE026934C9D00C1F0D3 /* SceneDelegate.swift in Sources */ = {isa = PBXBuildFile; fileRef = 7A010ADF26934C9D00C1F0D3 /* SceneDelegate.swift */; };
		7A010AE226934C9D00C1F0D3 /* LoginViewController.swift in Sources */ = {isa = PBXBuildFile; fileRef = 7A010AE126934C9D00C1F0D3 /* LoginViewController.swift */; };
		7A010AE526934C9D00C1F0D3 /* Main.storyboard in Resources */ = {isa = PBXBuildFile; fileRef = 7A010AE326934C9D00C1F0D3 /* Main.storyboard */; };
		7A010AE726934C9D00C1F0D3 /* Assets.xcassets in Resources */ = {isa = PBXBuildFile; fileRef = 7A010AE626934C9D00C1F0D3 /* Assets.xcassets */; };
		7A010AEA26934C9D00C1F0D3 /* LaunchScreen.storyboard in Resources */ = {isa = PBXBuildFile; fileRef = 7A010AE826934C9D00C1F0D3 /* LaunchScreen.storyboard */; };
		7A010AF526934C9D00C1F0D3 /* StarPosTests.swift in Sources */ = {isa = PBXBuildFile; fileRef = 7A010AF426934C9D00C1F0D3 /* StarPosTests.swift */; };
		7A010B0026934C9D00C1F0D3 /* StarPosUITests.swift in Sources */ = {isa = PBXBuildFile; fileRef = 7A010AFF26934C9D00C1F0D3 /* StarPosUITests.swift */; };
		7A010B0E2693509500C1F0D3 /* SignUpViewController.swift in Sources */ = {isa = PBXBuildFile; fileRef = 7A010B0D2693509500C1F0D3 /* SignUpViewController.swift */; };
		7A010B11269358DC00C1F0D3 /* GoogleService-Info.plist in Resources */ = {isa = PBXBuildFile; fileRef = 7A010B10269358DC00C1F0D3 /* GoogleService-Info.plist */; };
		7AE0358B2695651B00ED9B2E /* APIService.swift in Sources */ = {isa = PBXBuildFile; fileRef = 7AE0358A2695651B00ED9B2E /* APIService.swift */; };
		7AE0358D2695677A00ED9B2E /* JusoStore.swift in Sources */ = {isa = PBXBuildFile; fileRef = 7AE0358C2695677A00ED9B2E /* JusoStore.swift */; };
		7AE0358F26956D8600ED9B2E /* ViewJuso.swift in Sources */ = {isa = PBXBuildFile; fileRef = 7AE0358E26956D8600ED9B2E /* ViewJuso.swift */; };
		7AE0359126956E6400ED9B2E /* AddrItem.swift in Sources */ = {isa = PBXBuildFile; fileRef = 7AE0359026956E6400ED9B2E /* AddrItem.swift */; };
		7AF49000269498B200B33C40 /* AddressSearchViewController.swift in Sources */ = {isa = PBXBuildFile; fileRef = 7AF48FFF269498B200B33C40 /* AddressSearchViewController.swift */; };
		7AF49003269499D000B33C40 /* AddressTableViewCell.swift in Sources */ = {isa = PBXBuildFile; fileRef = 7AF49002269499D000B33C40 /* AddressTableViewCell.swift */; };
		7AF490052694A02400B33C40 /* AddressViewModel.swift in Sources */ = {isa = PBXBuildFile; fileRef = 7AF490042694A02400B33C40 /* AddressViewModel.swift */; };
		9DAA9CFD78518E51C72A2008 /* Pods_StarPos_StarPosUITests.framework in Frameworks */ = {isa = PBXBuildFile; fileRef = 7931477A3189BCC73A888560 /* Pods_StarPos_StarPosUITests.framework */; };
		BA05E75665567869E1FEF959 /* Pods_StarPos.framework in Frameworks */ = {isa = PBXBuildFile; fileRef = BD725BC288533AA2CDED6D9C /* Pods_StarPos.framework */; };
/* End PBXBuildFile section */

/* Begin PBXContainerItemProxy section */
		7A010AF126934C9D00C1F0D3 /* PBXContainerItemProxy */ = {
			isa = PBXContainerItemProxy;
			containerPortal = 7A010AD226934C9D00C1F0D3 /* Project object */;
			proxyType = 1;
			remoteGlobalIDString = 7A010AD926934C9D00C1F0D3;
			remoteInfo = StarPos;
		};
		7A010AFC26934C9D00C1F0D3 /* PBXContainerItemProxy */ = {
			isa = PBXContainerItemProxy;
			containerPortal = 7A010AD226934C9D00C1F0D3 /* Project object */;
			proxyType = 1;
			remoteGlobalIDString = 7A010AD926934C9D00C1F0D3;
			remoteInfo = StarPos;
		};
/* End PBXContainerItemProxy section */

/* Begin PBXFileReference section */
		0CE908019D3DA12E3F2D50F3 /* Pods-StarPosTests.debug.xcconfig */ = {isa = PBXFileReference; includeInIndex = 1; lastKnownFileType = text.xcconfig; name = "Pods-StarPosTests.debug.xcconfig"; path = "Target Support Files/Pods-StarPosTests/Pods-StarPosTests.debug.xcconfig"; sourceTree = "<group>"; };
		177448FFAFEF62B4B152C701 /* Pods_StarPosTests.framework */ = {isa = PBXFileReference; explicitFileType = wrapper.framework; includeInIndex = 0; path = Pods_StarPosTests.framework; sourceTree = BUILT_PRODUCTS_DIR; };
		4AFAFBAF29E4E58629FB53F3 /* Pods-StarPos.release.xcconfig */ = {isa = PBXFileReference; includeInIndex = 1; lastKnownFileType = text.xcconfig; name = "Pods-StarPos.release.xcconfig"; path = "Target Support Files/Pods-StarPos/Pods-StarPos.release.xcconfig"; sourceTree = "<group>"; };
		7931477A3189BCC73A888560 /* Pods_StarPos_StarPosUITests.framework */ = {isa = PBXFileReference; explicitFileType = wrapper.framework; includeInIndex = 0; path = Pods_StarPos_StarPosUITests.framework; sourceTree = BUILT_PRODUCTS_DIR; };
		79CE19F694E69B07CDB93623 /* Pods-StarPos.debug.xcconfig */ = {isa = PBXFileReference; includeInIndex = 1; lastKnownFileType = text.xcconfig; name = "Pods-StarPos.debug.xcconfig"; path = "Target Support Files/Pods-StarPos/Pods-StarPos.debug.xcconfig"; sourceTree = "<group>"; };
		7A010ADA26934C9D00C1F0D3 /* StarPos.app */ = {isa = PBXFileReference; explicitFileType = wrapper.application; includeInIndex = 0; path = StarPos.app; sourceTree = BUILT_PRODUCTS_DIR; };
		7A010ADD26934C9D00C1F0D3 /* AppDelegate.swift */ = {isa = PBXFileReference; lastKnownFileType = sourcecode.swift; path = AppDelegate.swift; sourceTree = "<group>"; };
		7A010ADF26934C9D00C1F0D3 /* SceneDelegate.swift */ = {isa = PBXFileReference; lastKnownFileType = sourcecode.swift; path = SceneDelegate.swift; sourceTree = "<group>"; };
		7A010AE126934C9D00C1F0D3 /* LoginViewController.swift */ = {isa = PBXFileReference; lastKnownFileType = sourcecode.swift; path = LoginViewController.swift; sourceTree = "<group>"; };
		7A010AE426934C9D00C1F0D3 /* Base */ = {isa = PBXFileReference; lastKnownFileType = file.storyboard; name = Base; path = Base.lproj/Main.storyboard; sourceTree = "<group>"; };
		7A010AE626934C9D00C1F0D3 /* Assets.xcassets */ = {isa = PBXFileReference; lastKnownFileType = folder.assetcatalog; path = Assets.xcassets; sourceTree = "<group>"; };
		7A010AE926934C9D00C1F0D3 /* Base */ = {isa = PBXFileReference; lastKnownFileType = file.storyboard; name = Base; path = Base.lproj/LaunchScreen.storyboard; sourceTree = "<group>"; };
		7A010AEB26934C9D00C1F0D3 /* Info.plist */ = {isa = PBXFileReference; lastKnownFileType = text.plist.xml; path = Info.plist; sourceTree = "<group>"; };
		7A010AF026934C9D00C1F0D3 /* StarPosTests.xctest */ = {isa = PBXFileReference; explicitFileType = wrapper.cfbundle; includeInIndex = 0; path = StarPosTests.xctest; sourceTree = BUILT_PRODUCTS_DIR; };
		7A010AF426934C9D00C1F0D3 /* StarPosTests.swift */ = {isa = PBXFileReference; lastKnownFileType = sourcecode.swift; path = StarPosTests.swift; sourceTree = "<group>"; };
		7A010AF626934C9D00C1F0D3 /* Info.plist */ = {isa = PBXFileReference; lastKnownFileType = text.plist.xml; path = Info.plist; sourceTree = "<group>"; };
		7A010AFB26934C9D00C1F0D3 /* StarPosUITests.xctest */ = {isa = PBXFileReference; explicitFileType = wrapper.cfbundle; includeInIndex = 0; path = StarPosUITests.xctest; sourceTree = BUILT_PRODUCTS_DIR; };
		7A010AFF26934C9D00C1F0D3 /* StarPosUITests.swift */ = {isa = PBXFileReference; lastKnownFileType = sourcecode.swift; path = StarPosUITests.swift; sourceTree = "<group>"; };
		7A010B0126934C9D00C1F0D3 /* Info.plist */ = {isa = PBXFileReference; lastKnownFileType = text.plist.xml; path = Info.plist; sourceTree = "<group>"; };
		7A010B0D2693509500C1F0D3 /* SignUpViewController.swift */ = {isa = PBXFileReference; lastKnownFileType = sourcecode.swift; path = SignUpViewController.swift; sourceTree = "<group>"; };
		7A010B10269358DC00C1F0D3 /* GoogleService-Info.plist */ = {isa = PBXFileReference; fileEncoding = 4; lastKnownFileType = text.plist.xml; path = "GoogleService-Info.plist"; sourceTree = "<group>"; };
		7AE0358A2695651B00ED9B2E /* APIService.swift */ = {isa = PBXFileReference; lastKnownFileType = sourcecode.swift; path = APIService.swift; sourceTree = "<group>"; };
		7AE0358C2695677A00ED9B2E /* JusoStore.swift */ = {isa = PBXFileReference; lastKnownFileType = sourcecode.swift; path = JusoStore.swift; sourceTree = "<group>"; };
		7AE0358E26956D8600ED9B2E /* ViewJuso.swift */ = {isa = PBXFileReference; lastKnownFileType = sourcecode.swift; path = ViewJuso.swift; sourceTree = "<group>"; };
		7AE0359026956E6400ED9B2E /* AddrItem.swift */ = {isa = PBXFileReference; lastKnownFileType = sourcecode.swift; path = AddrItem.swift; sourceTree = "<group>"; };
		7AF48FFF269498B200B33C40 /* AddressSearchViewController.swift */ = {isa = PBXFileReference; lastKnownFileType = sourcecode.swift; path = AddressSearchViewController.swift; sourceTree = "<group>"; };
		7AF49002269499D000B33C40 /* AddressTableViewCell.swift */ = {isa = PBXFileReference; lastKnownFileType = sourcecode.swift; path = AddressTableViewCell.swift; sourceTree = "<group>"; };
		7AF490042694A02400B33C40 /* AddressViewModel.swift */ = {isa = PBXFileReference; lastKnownFileType = sourcecode.swift; path = AddressViewModel.swift; sourceTree = "<group>"; };
		9FF9C8AAE06EB4316EF4F6D1 /* Pods-StarPos-StarPosUITests.release.xcconfig */ = {isa = PBXFileReference; includeInIndex = 1; lastKnownFileType = text.xcconfig; name = "Pods-StarPos-StarPosUITests.release.xcconfig"; path = "Target Support Files/Pods-StarPos-StarPosUITests/Pods-StarPos-StarPosUITests.release.xcconfig"; sourceTree = "<group>"; };
		BD725BC288533AA2CDED6D9C /* Pods_StarPos.framework */ = {isa = PBXFileReference; explicitFileType = wrapper.framework; includeInIndex = 0; path = Pods_StarPos.framework; sourceTree = BUILT_PRODUCTS_DIR; };
		C1447B81BE566729ED6A9B9B /* Pods-StarPosTests.release.xcconfig */ = {isa = PBXFileReference; includeInIndex = 1; lastKnownFileType = text.xcconfig; name = "Pods-StarPosTests.release.xcconfig"; path = "Target Support Files/Pods-StarPosTests/Pods-StarPosTests.release.xcconfig"; sourceTree = "<group>"; };
		EB78DDFFEB646B1D2CA57741 /* Pods-StarPos-StarPosUITests.debug.xcconfig */ = {isa = PBXFileReference; includeInIndex = 1; lastKnownFileType = text.xcconfig; name = "Pods-StarPos-StarPosUITests.debug.xcconfig"; path = "Target Support Files/Pods-StarPos-StarPosUITests/Pods-StarPos-StarPosUITests.debug.xcconfig"; sourceTree = "<group>"; };
/* End PBXFileReference section */

/* Begin PBXFrameworksBuildPhase section */
		7A010AD726934C9D00C1F0D3 /* Frameworks */ = {
			isa = PBXFrameworksBuildPhase;
			buildActionMask = 2147483647;
			files = (
				BA05E75665567869E1FEF959 /* Pods_StarPos.framework in Frameworks */,
			);
			runOnlyForDeploymentPostprocessing = 0;
		};
		7A010AED26934C9D00C1F0D3 /* Frameworks */ = {
			isa = PBXFrameworksBuildPhase;
			buildActionMask = 2147483647;
			files = (
				06A10113A776CB2C7A3CE4F6 /* Pods_StarPosTests.framework in Frameworks */,
			);
			runOnlyForDeploymentPostprocessing = 0;
		};
		7A010AF826934C9D00C1F0D3 /* Frameworks */ = {
			isa = PBXFrameworksBuildPhase;
			buildActionMask = 2147483647;
			files = (
				9DAA9CFD78518E51C72A2008 /* Pods_StarPos_StarPosUITests.framework in Frameworks */,
			);
			runOnlyForDeploymentPostprocessing = 0;
		};
/* End PBXFrameworksBuildPhase section */

/* Begin PBXGroup section */
		2A60ECD583019ECFE6B6B310 /* Pods */ = {
			isa = PBXGroup;
			children = (
				79CE19F694E69B07CDB93623 /* Pods-StarPos.debug.xcconfig */,
				4AFAFBAF29E4E58629FB53F3 /* Pods-StarPos.release.xcconfig */,
				EB78DDFFEB646B1D2CA57741 /* Pods-StarPos-StarPosUITests.debug.xcconfig */,
				9FF9C8AAE06EB4316EF4F6D1 /* Pods-StarPos-StarPosUITests.release.xcconfig */,
				0CE908019D3DA12E3F2D50F3 /* Pods-StarPosTests.debug.xcconfig */,
				C1447B81BE566729ED6A9B9B /* Pods-StarPosTests.release.xcconfig */,
			);
			path = Pods;
			sourceTree = "<group>";
		};
		47E56307CFDF74D414CF78B8 /* Frameworks */ = {
			isa = PBXGroup;
			children = (
				BD725BC288533AA2CDED6D9C /* Pods_StarPos.framework */,
				7931477A3189BCC73A888560 /* Pods_StarPos_StarPosUITests.framework */,
				177448FFAFEF62B4B152C701 /* Pods_StarPosTests.framework */,
			);
			name = Frameworks;
			sourceTree = "<group>";
		};
		7A010AD126934C9D00C1F0D3 = {
			isa = PBXGroup;
			children = (
				7A010ADC26934C9D00C1F0D3 /* StarPos */,
				7A010AF326934C9D00C1F0D3 /* StarPosTests */,
				7A010AFE26934C9D00C1F0D3 /* StarPosUITests */,
				7A010ADB26934C9D00C1F0D3 /* Products */,
				2A60ECD583019ECFE6B6B310 /* Pods */,
				47E56307CFDF74D414CF78B8 /* Frameworks */,
			);
			sourceTree = "<group>";
		};
		7A010ADB26934C9D00C1F0D3 /* Products */ = {
			isa = PBXGroup;
			children = (
				7A010ADA26934C9D00C1F0D3 /* StarPos.app */,
				7A010AF026934C9D00C1F0D3 /* StarPosTests.xctest */,
				7A010AFB26934C9D00C1F0D3 /* StarPosUITests.xctest */,
			);
			name = Products;
			sourceTree = "<group>";
		};
		7A010ADC26934C9D00C1F0D3 /* StarPos */ = {
			isa = PBXGroup;
			children = (
				7A010ADD26934C9D00C1F0D3 /* AppDelegate.swift */,
				7A010ADF26934C9D00C1F0D3 /* SceneDelegate.swift */,
				7A010B0F269353C700C1F0D3 /* Login,SignUp */,
				7A010AE326934C9D00C1F0D3 /* Main.storyboard */,
				7A010AE626934C9D00C1F0D3 /* Assets.xcassets */,
				7A010AE826934C9D00C1F0D3 /* LaunchScreen.storyboard */,
				7A010AEB26934C9D00C1F0D3 /* Info.plist */,
				7A010B10269358DC00C1F0D3 /* GoogleService-Info.plist */,
			);
			path = StarPos;
			sourceTree = "<group>";
		};
		7A010AF326934C9D00C1F0D3 /* StarPosTests */ = {
			isa = PBXGroup;
			children = (
				7A010AF426934C9D00C1F0D3 /* StarPosTests.swift */,
				7A010AF626934C9D00C1F0D3 /* Info.plist */,
			);
			path = StarPosTests;
			sourceTree = "<group>";
		};
		7A010AFE26934C9D00C1F0D3 /* StarPosUITests */ = {
			isa = PBXGroup;
			children = (
				7A010AFF26934C9D00C1F0D3 /* StarPosUITests.swift */,
				7A010B0126934C9D00C1F0D3 /* Info.plist */,
			);
			path = StarPosUITests;
			sourceTree = "<group>";
		};
		7A010B0F269353C700C1F0D3 /* Login,SignUp */ = {
			isa = PBXGroup;
			children = (
				7A010AE126934C9D00C1F0D3 /* LoginViewController.swift */,
				7A010B0D2693509500C1F0D3 /* SignUpViewController.swift */,
				7AF490012694997700B33C40 /* AddrSearch */,
			);
			path = "Login,SignUp";
			sourceTree = "<group>";
		};
		7AF490012694997700B33C40 /* AddrSearch */ = {
			isa = PBXGroup;
			children = (
				7AF48FFF269498B200B33C40 /* AddressSearchViewController.swift */,
				7AF49002269499D000B33C40 /* AddressTableViewCell.swift */,
				7AE0359026956E6400ED9B2E /* AddrItem.swift */,
				7AE0358A2695651B00ED9B2E /* APIService.swift */,
				7AE0358C2695677A00ED9B2E /* JusoStore.swift */,
				7AE0358E26956D8600ED9B2E /* ViewJuso.swift */,
				7AF490042694A02400B33C40 /* AddressViewModel.swift */,
			);
			path = AddrSearch;
			sourceTree = "<group>";
		};
/* End PBXGroup section */

/* Begin PBXNativeTarget section */
		7A010AD926934C9D00C1F0D3 /* StarPos */ = {
			isa = PBXNativeTarget;
			buildConfigurationList = 7A010B0426934C9D00C1F0D3 /* Build configuration list for PBXNativeTarget "StarPos" */;
			buildPhases = (
				47395CD66096A022AD6B47A8 /* [CP] Check Pods Manifest.lock */,
				7A010AD626934C9D00C1F0D3 /* Sources */,
				7A010AD726934C9D00C1F0D3 /* Frameworks */,
				7A010AD826934C9D00C1F0D3 /* Resources */,
				607AA7B72E00581C5CE5EA4E /* [CP] Embed Pods Frameworks */,
			);
			buildRules = (
			);
			dependencies = (
			);
			name = StarPos;
			productName = StarPos;
			productReference = 7A010ADA26934C9D00C1F0D3 /* StarPos.app */;
			productType = "com.apple.product-type.application";
		};
		7A010AEF26934C9D00C1F0D3 /* StarPosTests */ = {
			isa = PBXNativeTarget;
			buildConfigurationList = 7A010B0726934C9D00C1F0D3 /* Build configuration list for PBXNativeTarget "StarPosTests" */;
			buildPhases = (
				84F95D05D004D055E4FA020C /* [CP] Check Pods Manifest.lock */,
				7A010AEC26934C9D00C1F0D3 /* Sources */,
				7A010AED26934C9D00C1F0D3 /* Frameworks */,
				7A010AEE26934C9D00C1F0D3 /* Resources */,
			);
			buildRules = (
			);
			dependencies = (
				7A010AF226934C9D00C1F0D3 /* PBXTargetDependency */,
			);
			name = StarPosTests;
			productName = StarPosTests;
			productReference = 7A010AF026934C9D00C1F0D3 /* StarPosTests.xctest */;
			productType = "com.apple.product-type.bundle.unit-test";
		};
		7A010AFA26934C9D00C1F0D3 /* StarPosUITests */ = {
			isa = PBXNativeTarget;
			buildConfigurationList = 7A010B0A26934C9D00C1F0D3 /* Build configuration list for PBXNativeTarget "StarPosUITests" */;
			buildPhases = (
				DAE266261832D062BF7816D6 /* [CP] Check Pods Manifest.lock */,
				7A010AF726934C9D00C1F0D3 /* Sources */,
				7A010AF826934C9D00C1F0D3 /* Frameworks */,
				7A010AF926934C9D00C1F0D3 /* Resources */,
				EEAF34E148AB220A2FD78714 /* [CP] Embed Pods Frameworks */,
			);
			buildRules = (
			);
			dependencies = (
				7A010AFD26934C9D00C1F0D3 /* PBXTargetDependency */,
			);
			name = StarPosUITests;
			productName = StarPosUITests;
			productReference = 7A010AFB26934C9D00C1F0D3 /* StarPosUITests.xctest */;
			productType = "com.apple.product-type.bundle.ui-testing";
		};
/* End PBXNativeTarget section */

/* Begin PBXProject section */
		7A010AD226934C9D00C1F0D3 /* Project object */ = {
			isa = PBXProject;
			attributes = {
				LastSwiftUpdateCheck = 1250;
				LastUpgradeCheck = 1250;
				TargetAttributes = {
					7A010AD926934C9D00C1F0D3 = {
						CreatedOnToolsVersion = 12.5.1;
					};
					7A010AEF26934C9D00C1F0D3 = {
						CreatedOnToolsVersion = 12.5.1;
						TestTargetID = 7A010AD926934C9D00C1F0D3;
					};
					7A010AFA26934C9D00C1F0D3 = {
						CreatedOnToolsVersion = 12.5.1;
						TestTargetID = 7A010AD926934C9D00C1F0D3;
					};
				};
			};
			buildConfigurationList = 7A010AD526934C9D00C1F0D3 /* Build configuration list for PBXProject "StarPos" */;
			compatibilityVersion = "Xcode 9.3";
			developmentRegion = en;
			hasScannedForEncodings = 0;
			knownRegions = (
				en,
				Base,
			);
			mainGroup = 7A010AD126934C9D00C1F0D3;
			productRefGroup = 7A010ADB26934C9D00C1F0D3 /* Products */;
			projectDirPath = "";
			projectRoot = "";
			targets = (
				7A010AD926934C9D00C1F0D3 /* StarPos */,
				7A010AEF26934C9D00C1F0D3 /* StarPosTests */,
				7A010AFA26934C9D00C1F0D3 /* StarPosUITests */,
			);
		};
/* End PBXProject section */

/* Begin PBXResourcesBuildPhase section */
		7A010AD826934C9D00C1F0D3 /* Resources */ = {
			isa = PBXResourcesBuildPhase;
			buildActionMask = 2147483647;
			files = (
				7A010AEA26934C9D00C1F0D3 /* LaunchScreen.storyboard in Resources */,
				7A010B11269358DC00C1F0D3 /* GoogleService-Info.plist in Resources */,
				7A010AE726934C9D00C1F0D3 /* Assets.xcassets in Resources */,
				7A010AE526934C9D00C1F0D3 /* Main.storyboard in Resources */,
			);
			runOnlyForDeploymentPostprocessing = 0;
		};
		7A010AEE26934C9D00C1F0D3 /* Resources */ = {
			isa = PBXResourcesBuildPhase;
			buildActionMask = 2147483647;
			files = (
			);
			runOnlyForDeploymentPostprocessing = 0;
		};
		7A010AF926934C9D00C1F0D3 /* Resources */ = {
			isa = PBXResourcesBuildPhase;
			buildActionMask = 2147483647;
			files = (
			);
			runOnlyForDeploymentPostprocessing = 0;
		};
/* End PBXResourcesBuildPhase section */

/* Begin PBXShellScriptBuildPhase section */
		47395CD66096A022AD6B47A8 /* [CP] Check Pods Manifest.lock */ = {
			isa = PBXShellScriptBuildPhase;
			buildActionMask = 2147483647;
			files = (
			);
			inputFileListPaths = (
			);
			inputPaths = (
				"${PODS_PODFILE_DIR_PATH}/Podfile.lock",
				"${PODS_ROOT}/Manifest.lock",
			);
			name = "[CP] Check Pods Manifest.lock";
			outputFileListPaths = (
			);
			outputPaths = (
				"$(DERIVED_FILE_DIR)/Pods-StarPos-checkManifestLockResult.txt",
			);
			runOnlyForDeploymentPostprocessing = 0;
			shellPath = /bin/sh;
			shellScript = "diff \"${PODS_PODFILE_DIR_PATH}/Podfile.lock\" \"${PODS_ROOT}/Manifest.lock\" > /dev/null\nif [ $? != 0 ] ; then\n    # print error to STDERR\n    echo \"error: The sandbox is not in sync with the Podfile.lock. Run 'pod install' or update your CocoaPods installation.\" >&2\n    exit 1\nfi\n# This output is used by Xcode 'outputs' to avoid re-running this script phase.\necho \"SUCCESS\" > \"${SCRIPT_OUTPUT_FILE_0}\"\n";
			showEnvVarsInLog = 0;
		};
		607AA7B72E00581C5CE5EA4E /* [CP] Embed Pods Frameworks */ = {
			isa = PBXShellScriptBuildPhase;
			buildActionMask = 2147483647;
			files = (
			);
			inputFileListPaths = (
				"${PODS_ROOT}/Target Support Files/Pods-StarPos/Pods-StarPos-frameworks-${CONFIGURATION}-input-files.xcfilelist",
			);
			name = "[CP] Embed Pods Frameworks";
			outputFileListPaths = (
				"${PODS_ROOT}/Target Support Files/Pods-StarPos/Pods-StarPos-frameworks-${CONFIGURATION}-output-files.xcfilelist",
			);
			runOnlyForDeploymentPostprocessing = 0;
			shellPath = /bin/sh;
			shellScript = "\"${PODS_ROOT}/Target Support Files/Pods-StarPos/Pods-StarPos-frameworks.sh\"\n";
			showEnvVarsInLog = 0;
		};
		84F95D05D004D055E4FA020C /* [CP] Check Pods Manifest.lock */ = {
			isa = PBXShellScriptBuildPhase;
			buildActionMask = 2147483647;
			files = (
			);
			inputFileListPaths = (
			);
			inputPaths = (
				"${PODS_PODFILE_DIR_PATH}/Podfile.lock",
				"${PODS_ROOT}/Manifest.lock",
			);
			name = "[CP] Check Pods Manifest.lock";
			outputFileListPaths = (
			);
			outputPaths = (
				"$(DERIVED_FILE_DIR)/Pods-StarPosTests-checkManifestLockResult.txt",
			);
			runOnlyForDeploymentPostprocessing = 0;
			shellPath = /bin/sh;
			shellScript = "diff \"${PODS_PODFILE_DIR_PATH}/Podfile.lock\" \"${PODS_ROOT}/Manifest.lock\" > /dev/null\nif [ $? != 0 ] ; then\n    # print error to STDERR\n    echo \"error: The sandbox is not in sync with the Podfile.lock. Run 'pod install' or update your CocoaPods installation.\" >&2\n    exit 1\nfi\n# This output is used by Xcode 'outputs' to avoid re-running this script phase.\necho \"SUCCESS\" > \"${SCRIPT_OUTPUT_FILE_0}\"\n";
			showEnvVarsInLog = 0;
		};
		DAE266261832D062BF7816D6 /* [CP] Check Pods Manifest.lock */ = {
			isa = PBXShellScriptBuildPhase;
			buildActionMask = 2147483647;
			files = (
			);
			inputFileListPaths = (
			);
			inputPaths = (
				"${PODS_PODFILE_DIR_PATH}/Podfile.lock",
				"${PODS_ROOT}/Manifest.lock",
			);
			name = "[CP] Check Pods Manifest.lock";
			outputFileListPaths = (
			);
			outputPaths = (
				"$(DERIVED_FILE_DIR)/Pods-StarPos-StarPosUITests-checkManifestLockResult.txt",
			);
			runOnlyForDeploymentPostprocessing = 0;
			shellPath = /bin/sh;
			shellScript = "diff \"${PODS_PODFILE_DIR_PATH}/Podfile.lock\" \"${PODS_ROOT}/Manifest.lock\" > /dev/null\nif [ $? != 0 ] ; then\n    # print error to STDERR\n    echo \"error: The sandbox is not in sync with the Podfile.lock. Run 'pod install' or update your CocoaPods installation.\" >&2\n    exit 1\nfi\n# This output is used by Xcode 'outputs' to avoid re-running this script phase.\necho \"SUCCESS\" > \"${SCRIPT_OUTPUT_FILE_0}\"\n";
			showEnvVarsInLog = 0;
		};
		EEAF34E148AB220A2FD78714 /* [CP] Embed Pods Frameworks */ = {
			isa = PBXShellScriptBuildPhase;
			buildActionMask = 2147483647;
			files = (
			);
			inputFileListPaths = (
				"${PODS_ROOT}/Target Support Files/Pods-StarPos-StarPosUITests/Pods-StarPos-StarPosUITests-frameworks-${CONFIGURATION}-input-files.xcfilelist",
			);
			name = "[CP] Embed Pods Frameworks";
			outputFileListPaths = (
				"${PODS_ROOT}/Target Support Files/Pods-StarPos-StarPosUITests/Pods-StarPos-StarPosUITests-frameworks-${CONFIGURATION}-output-files.xcfilelist",
			);
			runOnlyForDeploymentPostprocessing = 0;
			shellPath = /bin/sh;
			shellScript = "\"${PODS_ROOT}/Target Support Files/Pods-StarPos-StarPosUITests/Pods-StarPos-StarPosUITests-frameworks.sh\"\n";
			showEnvVarsInLog = 0;
		};
/* End PBXShellScriptBuildPhase section */

/* Begin PBXSourcesBuildPhase section */
		7A010AD626934C9D00C1F0D3 /* Sources */ = {
			isa = PBXSourcesBuildPhase;
			buildActionMask = 2147483647;
			files = (
				7AF490052694A02400B33C40 /* AddressViewModel.swift in Sources */,
				7AE0358D2695677A00ED9B2E /* JusoStore.swift in Sources */,
				7AF49003269499D000B33C40 /* AddressTableViewCell.swift in Sources */,
				7AE0358F26956D8600ED9B2E /* ViewJuso.swift in Sources */,
				7AE0359126956E6400ED9B2E /* AddrItem.swift in Sources */,
				7A010AE226934C9D00C1F0D3 /* LoginViewController.swift in Sources */,
				7A010ADE26934C9D00C1F0D3 /* AppDelegate.swift in Sources */,
				7A010B0E2693509500C1F0D3 /* SignUpViewController.swift in Sources */,
				7AF49000269498B200B33C40 /* AddressSearchViewController.swift in Sources */,
				7AE0358B2695651B00ED9B2E /* APIService.swift in Sources */,
				7A010AE026934C9D00C1F0D3 /* SceneDelegate.swift in Sources */,
			);
			runOnlyForDeploymentPostprocessing = 0;
		};
		7A010AEC26934C9D00C1F0D3 /* Sources */ = {
			isa = PBXSourcesBuildPhase;
			buildActionMask = 2147483647;
			files = (
				7A010AF526934C9D00C1F0D3 /* StarPosTests.swift in Sources */,
			);
			runOnlyForDeploymentPostprocessing = 0;
		};
		7A010AF726934C9D00C1F0D3 /* Sources */ = {
			isa = PBXSourcesBuildPhase;
			buildActionMask = 2147483647;
			files = (
				7A010B0026934C9D00C1F0D3 /* StarPosUITests.swift in Sources */,
			);
			runOnlyForDeploymentPostprocessing = 0;
		};
/* End PBXSourcesBuildPhase section */

/* Begin PBXTargetDependency section */
		7A010AF226934C9D00C1F0D3 /* PBXTargetDependency */ = {
			isa = PBXTargetDependency;
			target = 7A010AD926934C9D00C1F0D3 /* StarPos */;
			targetProxy = 7A010AF126934C9D00C1F0D3 /* PBXContainerItemProxy */;
		};
		7A010AFD26934C9D00C1F0D3 /* PBXTargetDependency */ = {
			isa = PBXTargetDependency;
			target = 7A010AD926934C9D00C1F0D3 /* StarPos */;
			targetProxy = 7A010AFC26934C9D00C1F0D3 /* PBXContainerItemProxy */;
		};
/* End PBXTargetDependency section */

/* Begin PBXVariantGroup section */
		7A010AE326934C9D00C1F0D3 /* Main.storyboard */ = {
			isa = PBXVariantGroup;
			children = (
				7A010AE426934C9D00C1F0D3 /* Base */,
			);
			name = Main.storyboard;
			sourceTree = "<group>";
		};
		7A010AE826934C9D00C1F0D3 /* LaunchScreen.storyboard */ = {
			isa = PBXVariantGroup;
			children = (
				7A010AE926934C9D00C1F0D3 /* Base */,
			);
			name = LaunchScreen.storyboard;
			sourceTree = "<group>";
		};
/* End PBXVariantGroup section */

/* Begin XCBuildConfiguration section */
		7A010B0226934C9D00C1F0D3 /* Debug */ = {
			isa = XCBuildConfiguration;
			buildSettings = {
				ALWAYS_SEARCH_USER_PATHS = NO;
				CLANG_ANALYZER_NONNULL = YES;
				CLANG_ANALYZER_NUMBER_OBJECT_CONVERSION = YES_AGGRESSIVE;
				CLANG_CXX_LANGUAGE_STANDARD = "gnu++14";
				CLANG_CXX_LIBRARY = "libc++";
				CLANG_ENABLE_MODULES = YES;
				CLANG_ENABLE_OBJC_ARC = YES;
				CLANG_ENABLE_OBJC_WEAK = YES;
				CLANG_WARN_BLOCK_CAPTURE_AUTORELEASING = YES;
				CLANG_WARN_BOOL_CONVERSION = YES;
				CLANG_WARN_COMMA = YES;
				CLANG_WARN_CONSTANT_CONVERSION = YES;
				CLANG_WARN_DEPRECATED_OBJC_IMPLEMENTATIONS = YES;
				CLANG_WARN_DIRECT_OBJC_ISA_USAGE = YES_ERROR;
				CLANG_WARN_DOCUMENTATION_COMMENTS = YES;
				CLANG_WARN_EMPTY_BODY = YES;
				CLANG_WARN_ENUM_CONVERSION = YES;
				CLANG_WARN_INFINITE_RECURSION = YES;
				CLANG_WARN_INT_CONVERSION = YES;
				CLANG_WARN_NON_LITERAL_NULL_CONVERSION = YES;
				CLANG_WARN_OBJC_IMPLICIT_RETAIN_SELF = YES;
				CLANG_WARN_OBJC_LITERAL_CONVERSION = YES;
				CLANG_WARN_OBJC_ROOT_CLASS = YES_ERROR;
				CLANG_WARN_QUOTED_INCLUDE_IN_FRAMEWORK_HEADER = YES;
				CLANG_WARN_RANGE_LOOP_ANALYSIS = YES;
				CLANG_WARN_STRICT_PROTOTYPES = YES;
				CLANG_WARN_SUSPICIOUS_MOVE = YES;
				CLANG_WARN_UNGUARDED_AVAILABILITY = YES_AGGRESSIVE;
				CLANG_WARN_UNREACHABLE_CODE = YES;
				CLANG_WARN__DUPLICATE_METHOD_MATCH = YES;
				COPY_PHASE_STRIP = NO;
				DEBUG_INFORMATION_FORMAT = dwarf;
				ENABLE_STRICT_OBJC_MSGSEND = YES;
				ENABLE_TESTABILITY = YES;
				GCC_C_LANGUAGE_STANDARD = gnu11;
				GCC_DYNAMIC_NO_PIC = NO;
				GCC_NO_COMMON_BLOCKS = YES;
				GCC_OPTIMIZATION_LEVEL = 0;
				GCC_PREPROCESSOR_DEFINITIONS = (
					"DEBUG=1",
					"$(inherited)",
				);
				GCC_WARN_64_TO_32_BIT_CONVERSION = YES;
				GCC_WARN_ABOUT_RETURN_TYPE = YES_ERROR;
				GCC_WARN_UNDECLARED_SELECTOR = YES;
				GCC_WARN_UNINITIALIZED_AUTOS = YES_AGGRESSIVE;
				GCC_WARN_UNUSED_FUNCTION = YES;
				GCC_WARN_UNUSED_VARIABLE = YES;
				IPHONEOS_DEPLOYMENT_TARGET = 13.0;
				MTL_ENABLE_DEBUG_INFO = INCLUDE_SOURCE;
				MTL_FAST_MATH = YES;
				ONLY_ACTIVE_ARCH = YES;
				SDKROOT = iphoneos;
				SWIFT_ACTIVE_COMPILATION_CONDITIONS = DEBUG;
				SWIFT_OPTIMIZATION_LEVEL = "-Onone";
			};
			name = Debug;
		};
		7A010B0326934C9D00C1F0D3 /* Release */ = {
			isa = XCBuildConfiguration;
			buildSettings = {
				ALWAYS_SEARCH_USER_PATHS = NO;
				CLANG_ANALYZER_NONNULL = YES;
				CLANG_ANALYZER_NUMBER_OBJECT_CONVERSION = YES_AGGRESSIVE;
				CLANG_CXX_LANGUAGE_STANDARD = "gnu++14";
				CLANG_CXX_LIBRARY = "libc++";
				CLANG_ENABLE_MODULES = YES;
				CLANG_ENABLE_OBJC_ARC = YES;
				CLANG_ENABLE_OBJC_WEAK = YES;
				CLANG_WARN_BLOCK_CAPTURE_AUTORELEASING = YES;
				CLANG_WARN_BOOL_CONVERSION = YES;
				CLANG_WARN_COMMA = YES;
				CLANG_WARN_CONSTANT_CONVERSION = YES;
				CLANG_WARN_DEPRECATED_OBJC_IMPLEMENTATIONS = YES;
				CLANG_WARN_DIRECT_OBJC_ISA_USAGE = YES_ERROR;
				CLANG_WARN_DOCUMENTATION_COMMENTS = YES;
				CLANG_WARN_EMPTY_BODY = YES;
				CLANG_WARN_ENUM_CONVERSION = YES;
				CLANG_WARN_INFINITE_RECURSION = YES;
				CLANG_WARN_INT_CONVERSION = YES;
				CLANG_WARN_NON_LITERAL_NULL_CONVERSION = YES;
				CLANG_WARN_OBJC_IMPLICIT_RETAIN_SELF = YES;
				CLANG_WARN_OBJC_LITERAL_CONVERSION = YES;
				CLANG_WARN_OBJC_ROOT_CLASS = YES_ERROR;
				CLANG_WARN_QUOTED_INCLUDE_IN_FRAMEWORK_HEADER = YES;
				CLANG_WARN_RANGE_LOOP_ANALYSIS = YES;
				CLANG_WARN_STRICT_PROTOTYPES = YES;
				CLANG_WARN_SUSPICIOUS_MOVE = YES;
				CLANG_WARN_UNGUARDED_AVAILABILITY = YES_AGGRESSIVE;
				CLANG_WARN_UNREACHABLE_CODE = YES;
				CLANG_WARN__DUPLICATE_METHOD_MATCH = YES;
				COPY_PHASE_STRIP = NO;
				DEBUG_INFORMATION_FORMAT = "dwarf-with-dsym";
				ENABLE_NS_ASSERTIONS = NO;
				ENABLE_STRICT_OBJC_MSGSEND = YES;
				GCC_C_LANGUAGE_STANDARD = gnu11;
				GCC_NO_COMMON_BLOCKS = YES;
				GCC_WARN_64_TO_32_BIT_CONVERSION = YES;
				GCC_WARN_ABOUT_RETURN_TYPE = YES_ERROR;
				GCC_WARN_UNDECLARED_SELECTOR = YES;
				GCC_WARN_UNINITIALIZED_AUTOS = YES_AGGRESSIVE;
				GCC_WARN_UNUSED_FUNCTION = YES;
				GCC_WARN_UNUSED_VARIABLE = YES;
				IPHONEOS_DEPLOYMENT_TARGET = 13.0;
				MTL_ENABLE_DEBUG_INFO = NO;
				MTL_FAST_MATH = YES;
				SDKROOT = iphoneos;
				SWIFT_COMPILATION_MODE = wholemodule;
				SWIFT_OPTIMIZATION_LEVEL = "-O";
				VALIDATE_PRODUCT = YES;
			};
			name = Release;
		};
		7A010B0526934C9D00C1F0D3 /* Debug */ = {
			isa = XCBuildConfiguration;
			baseConfigurationReference = 79CE19F694E69B07CDB93623 /* Pods-StarPos.debug.xcconfig */;
			buildSettings = {
				ASSETCATALOG_COMPILER_APPICON_NAME = AppIcon;
				ASSETCATALOG_COMPILER_GLOBAL_ACCENT_COLOR_NAME = AccentColor;
				CODE_SIGN_STYLE = Automatic;
				DEVELOPMENT_TEAM = MC64FDHW3N;
				INFOPLIST_FILE = StarPos/Info.plist;
				IPHONEOS_DEPLOYMENT_TARGET = 13.0;
				LD_RUNPATH_SEARCH_PATHS = (
					"$(inherited)",
					"@executable_path/Frameworks",
				);
				PRODUCT_BUNDLE_IDENTIFIER = beobmun.StarPos;
				PRODUCT_NAME = "$(TARGET_NAME)";
				SWIFT_VERSION = 5.0;
				TARGETED_DEVICE_FAMILY = 2;
			};
			name = Debug;
		};
		7A010B0626934C9D00C1F0D3 /* Release */ = {
			isa = XCBuildConfiguration;
			baseConfigurationReference = 4AFAFBAF29E4E58629FB53F3 /* Pods-StarPos.release.xcconfig */;
			buildSettings = {
				ASSETCATALOG_COMPILER_APPICON_NAME = AppIcon;
				ASSETCATALOG_COMPILER_GLOBAL_ACCENT_COLOR_NAME = AccentColor;
				CODE_SIGN_STYLE = Automatic;
				DEVELOPMENT_TEAM = MC64FDHW3N;
				INFOPLIST_FILE = StarPos/Info.plist;
				IPHONEOS_DEPLOYMENT_TARGET = 13.0;
				LD_RUNPATH_SEARCH_PATHS = (
					"$(inherited)",
					"@executable_path/Frameworks",
				);
				PRODUCT_BUNDLE_IDENTIFIER = beobmun.StarPos;
				PRODUCT_NAME = "$(TARGET_NAME)";
				SWIFT_VERSION = 5.0;
				TARGETED_DEVICE_FAMILY = 2;
			};
			name = Release;
		};
		7A010B0826934C9D00C1F0D3 /* Debug */ = {
			isa = XCBuildConfiguration;
			baseConfigurationReference = 0CE908019D3DA12E3F2D50F3 /* Pods-StarPosTests.debug.xcconfig */;
			buildSettings = {
				ALWAYS_EMBED_SWIFT_STANDARD_LIBRARIES = YES;
				BUNDLE_LOADER = "$(TEST_HOST)";
				CODE_SIGN_STYLE = Automatic;
				DEVELOPMENT_TEAM = MC64FDHW3N;
				INFOPLIST_FILE = StarPosTests/Info.plist;
				IPHONEOS_DEPLOYMENT_TARGET = 14.5;
				LD_RUNPATH_SEARCH_PATHS = (
					"$(inherited)",
					"@executable_path/Frameworks",
					"@loader_path/Frameworks",
				);
				PRODUCT_BUNDLE_IDENTIFIER = beobmun.StarPosTests;
				PRODUCT_NAME = "$(TARGET_NAME)";
				SWIFT_VERSION = 5.0;
				TARGETED_DEVICE_FAMILY = "1,2";
				TEST_HOST = "$(BUILT_PRODUCTS_DIR)/StarPos.app/StarPos";
			};
			name = Debug;
		};
		7A010B0926934C9D00C1F0D3 /* Release */ = {
			isa = XCBuildConfiguration;
			baseConfigurationReference = C1447B81BE566729ED6A9B9B /* Pods-StarPosTests.release.xcconfig */;
			buildSettings = {
				ALWAYS_EMBED_SWIFT_STANDARD_LIBRARIES = YES;
				BUNDLE_LOADER = "$(TEST_HOST)";
				CODE_SIGN_STYLE = Automatic;
				DEVELOPMENT_TEAM = MC64FDHW3N;
				INFOPLIST_FILE = StarPosTests/Info.plist;
				IPHONEOS_DEPLOYMENT_TARGET = 14.5;
				LD_RUNPATH_SEARCH_PATHS = (
					"$(inherited)",
					"@executable_path/Frameworks",
					"@loader_path/Frameworks",
				);
				PRODUCT_BUNDLE_IDENTIFIER = beobmun.StarPosTests;
				PRODUCT_NAME = "$(TARGET_NAME)";
				SWIFT_VERSION = 5.0;
				TARGETED_DEVICE_FAMILY = "1,2";
				TEST_HOST = "$(BUILT_PRODUCTS_DIR)/StarPos.app/StarPos";
			};
			name = Release;
		};
		7A010B0B26934C9D00C1F0D3 /* Debug */ = {
			isa = XCBuildConfiguration;
			baseConfigurationReference = EB78DDFFEB646B1D2CA57741 /* Pods-StarPos-StarPosUITests.debug.xcconfig */;
			buildSettings = {
				ALWAYS_EMBED_SWIFT_STANDARD_LIBRARIES = YES;
				CODE_SIGN_STYLE = Automatic;
				DEVELOPMENT_TEAM = MC64FDHW3N;
				INFOPLIST_FILE = StarPosUITests/Info.plist;
				LD_RUNPATH_SEARCH_PATHS = (
					"$(inherited)",
					"@executable_path/Frameworks",
					"@loader_path/Frameworks",
				);
				PRODUCT_BUNDLE_IDENTIFIER = beobmun.StarPosUITests;
				PRODUCT_NAME = "$(TARGET_NAME)";
				SWIFT_VERSION = 5.0;
				TARGETED_DEVICE_FAMILY = "1,2";
				TEST_TARGET_NAME = StarPos;
			};
			name = Debug;
		};
		7A010B0C26934C9D00C1F0D3 /* Release */ = {
			isa = XCBuildConfiguration;
			baseConfigurationReference = 9FF9C8AAE06EB4316EF4F6D1 /* Pods-StarPos-StarPosUITests.release.xcconfig */;
			buildSettings = {
				ALWAYS_EMBED_SWIFT_STANDARD_LIBRARIES = YES;
				CODE_SIGN_STYLE = Automatic;
				DEVELOPMENT_TEAM = MC64FDHW3N;
				INFOPLIST_FILE = StarPosUITests/Info.plist;
				LD_RUNPATH_SEARCH_PATHS = (
					"$(inherited)",
					"@executable_path/Frameworks",
					"@loader_path/Frameworks",
				);
				PRODUCT_BUNDLE_IDENTIFIER = beobmun.StarPosUITests;
				PRODUCT_NAME = "$(TARGET_NAME)";
				SWIFT_VERSION = 5.0;
				TARGETED_DEVICE_FAMILY = "1,2";
				TEST_TARGET_NAME = StarPos;
			};
			name = Release;
		};
/* End XCBuildConfiguration section */

/* Begin XCConfigurationList section */
		7A010AD526934C9D00C1F0D3 /* Build configuration list for PBXProject "StarPos" */ = {
			isa = XCConfigurationList;
			buildConfigurations = (
				7A010B0226934C9D00C1F0D3 /* Debug */,
				7A010B0326934C9D00C1F0D3 /* Release */,
			);
			defaultConfigurationIsVisible = 0;
			defaultConfigurationName = Release;
		};
		7A010B0426934C9D00C1F0D3 /* Build configuration list for PBXNativeTarget "StarPos" */ = {
			isa = XCConfigurationList;
			buildConfigurations = (
				7A010B0526934C9D00C1F0D3 /* Debug */,
				7A010B0626934C9D00C1F0D3 /* Release */,
			);
			defaultConfigurationIsVisible = 0;
			defaultConfigurationName = Release;
		};
		7A010B0726934C9D00C1F0D3 /* Build configuration list for PBXNativeTarget "StarPosTests" */ = {
			isa = XCConfigurationList;
			buildConfigurations = (
				7A010B0826934C9D00C1F0D3 /* Debug */,
				7A010B0926934C9D00C1F0D3 /* Release */,
			);
			defaultConfigurationIsVisible = 0;
			defaultConfigurationName = Release;
		};
		7A010B0A26934C9D00C1F0D3 /* Build configuration list for PBXNativeTarget "StarPosUITests" */ = {
			isa = XCConfigurationList;
			buildConfigurations = (
				7A010B0B26934C9D00C1F0D3 /* Debug */,
				7A010B0C26934C9D00C1F0D3 /* Release */,
			);
			defaultConfigurationIsVisible = 0;
			defaultConfigurationName = Release;
		};
/* End XCConfigurationList section */
	};
	rootObject = 7A010AD226934C9D00C1F0D3 /* Project object */;
}
